// !$*UTF8*$!
{
	archiveVersion = 1;
	classes = {
	};
	objectVersion = 56;
	objects = {

/* Begin PBXBuildFile section */
		001B205B29CB4FCB003C9766 /* AppDelegate.swift in Sources */ = {isa = PBXBuildFile; fileRef = 001B205A29CB4FCB003C9766 /* AppDelegate.swift */; };
		001B205D29CB4FCB003C9766 /* SceneDelegate.swift in Sources */ = {isa = PBXBuildFile; fileRef = 001B205C29CB4FCB003C9766 /* SceneDelegate.swift */; };
		001B205F29CB4FCB003C9766 /* ViewController.swift in Sources */ = {isa = PBXBuildFile; fileRef = 001B205E29CB4FCB003C9766 /* ViewController.swift */; };
		001B206229CB4FCB003C9766 /* Main.storyboard in Resources */ = {isa = PBXBuildFile; fileRef = 001B206029CB4FCB003C9766 /* Main.storyboard */; };
		001B206429CB4FCC003C9766 /* Assets.xcassets in Resources */ = {isa = PBXBuildFile; fileRef = 001B206329CB4FCC003C9766 /* Assets.xcassets */; };
		001B206729CB4FCC003C9766 /* LaunchScreen.storyboard in Resources */ = {isa = PBXBuildFile; fileRef = 001B206529CB4FCC003C9766 /* LaunchScreen.storyboard */; };
		001B207229CB4FCC003C9766 /* LandmarkBookTests.swift in Sources */ = {isa = PBXBuildFile; fileRef = 001B207129CB4FCC003C9766 /* LandmarkBookTests.swift */; };
		001B207C29CB4FCD003C9766 /* LandmarkBookUITests.swift in Sources */ = {isa = PBXBuildFile; fileRef = 001B207B29CB4FCD003C9766 /* LandmarkBookUITests.swift */; };
		001B207E29CB4FCD003C9766 /* LandmarkBookUITestsLaunchTests.swift in Sources */ = {isa = PBXBuildFile; fileRef = 001B207D29CB4FCD003C9766 /* LandmarkBookUITestsLaunchTests.swift */; };
		001B208B29CBB072003C9766 /* DetailsVC.swift in Sources */ = {isa = PBXBuildFile; fileRef = 001B208A29CBB072003C9766 /* DetailsVC.swift */; };
/* End PBXBuildFile section */

/* Begin PBXContainerItemProxy section */
		001B206E29CB4FCC003C9766 /* PBXContainerItemProxy */ = {
			isa = PBXContainerItemProxy;
			containerPortal = 001B204F29CB4FCA003C9766 /* Project object */;
			proxyType = 1;
			remoteGlobalIDString = 001B205629CB4FCA003C9766;
			remoteInfo = LandmarkBook;
		};
		001B207829CB4FCD003C9766 /* PBXContainerItemProxy */ = {
			isa = PBXContainerItemProxy;
			containerPortal = 001B204F29CB4FCA003C9766 /* Project object */;
			proxyType = 1;
			remoteGlobalIDString = 001B205629CB4FCA003C9766;
			remoteInfo = LandmarkBook;
		};
/* End PBXContainerItemProxy section */

/* Begin PBXFileReference section */
		001B205729CB4FCB003C9766 /* LandmarkBook.app */ = {isa = PBXFileReference; explicitFileType = wrapper.application; includeInIndex = 0; path = LandmarkBook.app; sourceTree = BUILT_PRODUCTS_DIR; };
		001B205A29CB4FCB003C9766 /* AppDelegate.swift */ = {isa = PBXFileReference; lastKnownFileType = sourcecode.swift; path = AppDelegate.swift; sourceTree = "<group>"; };
		001B205C29CB4FCB003C9766 /* SceneDelegate.swift */ = {isa = PBXFileReference; lastKnownFileType = sourcecode.swift; path = SceneDelegate.swift; sourceTree = "<group>"; };
		001B205E29CB4FCB003C9766 /* ViewController.swift */ = {isa = PBXFileReference; lastKnownFileType = sourcecode.swift; path = ViewController.swift; sourceTree = "<group>"; };
		001B206129CB4FCB003C9766 /* Base */ = {isa = PBXFileReference; lastKnownFileType = file.storyboard; name = Base; path = Base.lproj/Main.storyboard; sourceTree = "<group>"; };
		001B206329CB4FCC003C9766 /* Assets.xcassets */ = {isa = PBXFileReference; lastKnownFileType = folder.assetcatalog; path = Assets.xcassets; sourceTree = "<group>"; };
		001B206629CB4FCC003C9766 /* Base */ = {isa = PBXFileReference; lastKnownFileType = file.storyboard; name = Base; path = Base.lproj/LaunchScreen.storyboard; sourceTree = "<group>"; };
		001B206829CB4FCC003C9766 /* Info.plist */ = {isa = PBXFileReference; lastKnownFileType = text.plist.xml; path = Info.plist; sourceTree = "<group>"; };
		001B206D29CB4FCC003C9766 /* LandmarkBookTests.xctest */ = {isa = PBXFileReference; explicitFileType = wrapper.cfbundle; includeInIndex = 0; path = LandmarkBookTests.xctest; sourceTree = BUILT_PRODUCTS_DIR; };
		001B207129CB4FCC003C9766 /* LandmarkBookTests.swift */ = {isa = PBXFileReference; lastKnownFileType = sourcecode.swift; path = LandmarkBookTests.swift; sourceTree = "<group>"; };
		001B207729CB4FCD003C9766 /* LandmarkBookUITests.xctest */ = {isa = PBXFileReference; explicitFileType = wrapper.cfbundle; includeInIndex = 0; path = LandmarkBookUITests.xctest; sourceTree = BUILT_PRODUCTS_DIR; };
		001B207B29CB4FCD003C9766 /* LandmarkBookUITests.swift */ = {isa = PBXFileReference; lastKnownFileType = sourcecode.swift; path = LandmarkBookUITests.swift; sourceTree = "<group>"; };
		001B207D29CB4FCD003C9766 /* LandmarkBookUITestsLaunchTests.swift */ = {isa = PBXFileReference; lastKnownFileType = sourcecode.swift; path = LandmarkBookUITestsLaunchTests.swift; sourceTree = "<group>"; };
		001B208A29CBB072003C9766 /* DetailsVC.swift */ = {isa = PBXFileReference; lastKnownFileType = sourcecode.swift; path = DetailsVC.swift; sourceTree = "<group>"; };
/* End PBXFileReference section */

/* Begin PBXFrameworksBuildPhase section */
		001B205429CB4FCA003C9766 /* Frameworks */ = {
			isa = PBXFrameworksBuildPhase;
			buildActionMask = 2147483647;
			files = (
			);
			runOnlyForDeploymentPostprocessing = 0;
		};
		001B206A29CB4FCC003C9766 /* Frameworks */ = {
			isa = PBXFrameworksBuildPhase;
			buildActionMask = 2147483647;
			files = (
			);
			runOnlyForDeploymentPostprocessing = 0;
		};
		001B207429CB4FCD003C9766 /* Frameworks */ = {
			isa = PBXFrameworksBuildPhase;
			buildActionMask = 2147483647;
			files = (
			);
			runOnlyForDeploymentPostprocessing = 0;
		};
/* End PBXFrameworksBuildPhase section */

/* Begin PBXGroup section */
		001B204E29CB4FCA003C9766 = {
			isa = PBXGroup;
			children = (
				001B208A29CBB072003C9766 /* DetailsVC.swift */,
				001B205929CB4FCB003C9766 /* LandmarkBook */,
				001B207029CB4FCC003C9766 /* LandmarkBookTests */,
				001B207A29CB4FCD003C9766 /* LandmarkBookUITests */,
				001B205829CB4FCB003C9766 /* Products */,
			);
			sourceTree = "<group>";
		};
		001B205829CB4FCB003C9766 /* Products */ = {
			isa = PBXGroup;
			children = (
				001B205729CB4FCB003C9766 /* LandmarkBook.app */,
				001B206D29CB4FCC003C9766 /* LandmarkBookTests.xctest */,
				001B207729CB4FCD003C9766 /* LandmarkBookUITests.xctest */,
			);
			name = Products;
			sourceTree = "<group>";
		};
		001B205929CB4FCB003C9766 /* LandmarkBook */ = {
			isa = PBXGroup;
			children = (
				001B205A29CB4FCB003C9766 /* AppDelegate.swift */,
				001B205C29CB4FCB003C9766 /* SceneDelegate.swift */,
				001B205E29CB4FCB003C9766 /* ViewController.swift */,
				001B206029CB4FCB003C9766 /* Main.storyboard */,
				001B206329CB4FCC003C9766 /* Assets.xcassets */,
				001B206529CB4FCC003C9766 /* LaunchScreen.storyboard */,
				001B206829CB4FCC003C9766 /* Info.plist */,
			);
			path = LandmarkBook;
			sourceTree = "<group>";
		};
		001B207029CB4FCC003C9766 /* LandmarkBookTests */ = {
			isa = PBXGroup;
			children = (
				001B207129CB4FCC003C9766 /* LandmarkBookTests.swift */,
			);
			path = LandmarkBookTests;
			sourceTree = "<group>";
		};
		001B207A29CB4FCD003C9766 /* LandmarkBookUITests */ = {
			isa = PBXGroup;
			children = (
				001B207B29CB4FCD003C9766 /* LandmarkBookUITests.swift */,
				001B207D29CB4FCD003C9766 /* LandmarkBookUITestsLaunchTests.swift */,
			);
			path = LandmarkBookUITests;
			sourceTree = "<group>";
		};
/* End PBXGroup section */

/* Begin PBXNativeTarget section */
		001B205629CB4FCA003C9766 /* LandmarkBook */ = {
			isa = PBXNativeTarget;
			buildConfigurationList = 001B208129CB4FCD003C9766 /* Build configuration list for PBXNativeTarget "LandmarkBook" */;
			buildPhases = (
				001B205329CB4FCA003C9766 /* Sources */,
				001B205429CB4FCA003C9766 /* Frameworks */,
				001B205529CB4FCA003C9766 /* Resources */,
			);
			buildRules = (
			);
			dependencies = (
			);
			name = LandmarkBook;
			productName = LandmarkBook;
			productReference = 001B205729CB4FCB003C9766 /* LandmarkBook.app */;
			productType = "com.apple.product-type.application";
		};
		001B206C29CB4FCC003C9766 /* LandmarkBookTests */ = {
			isa = PBXNativeTarget;
			buildConfigurationList = 001B208429CB4FCD003C9766 /* Build configuration list for PBXNativeTarget "LandmarkBookTests" */;
			buildPhases = (
				001B206929CB4FCC003C9766 /* Sources */,
				001B206A29CB4FCC003C9766 /* Frameworks */,
				001B206B29CB4FCC003C9766 /* Resources */,
			);
			buildRules = (
			);
			dependencies = (
				001B206F29CB4FCC003C9766 /* PBXTargetDependency */,
			);
			name = LandmarkBookTests;
			productName = LandmarkBookTests;
			productReference = 001B206D29CB4FCC003C9766 /* LandmarkBookTests.xctest */;
			productType = "com.apple.product-type.bundle.unit-test";
		};
		001B207629CB4FCD003C9766 /* LandmarkBookUITests */ = {
			isa = PBXNativeTarget;
			buildConfigurationList = 001B208729CB4FCD003C9766 /* Build configuration list for PBXNativeTarget "LandmarkBookUITests" */;
			buildPhases = (
				001B207329CB4FCD003C9766 /* Sources */,
				001B207429CB4FCD003C9766 /* Frameworks */,
				001B207529CB4FCD003C9766 /* Resources */,
			);
			buildRules = (
			);
			dependencies = (
				001B207929CB4FCD003C9766 /* PBXTargetDependency */,
			);
			name = LandmarkBookUITests;
			productName = LandmarkBookUITests;
			productReference = 001B207729CB4FCD003C9766 /* LandmarkBookUITests.xctest */;
			productType = "com.apple.product-type.bundle.ui-testing";
		};
/* End PBXNativeTarget section */

/* Begin PBXProject section */
		001B204F29CB4FCA003C9766 /* Project object */ = {
			isa = PBXProject;
			attributes = {
				BuildIndependentTargetsInParallel = 1;
				LastSwiftUpdateCheck = 1420;
				LastUpgradeCheck = 1420;
				TargetAttributes = {
					001B205629CB4FCA003C9766 = {
						CreatedOnToolsVersion = 14.2;
					};
					001B206C29CB4FCC003C9766 = {
						CreatedOnToolsVersion = 14.2;
						TestTargetID = 001B205629CB4FCA003C9766;
					};
					001B207629CB4FCD003C9766 = {
						CreatedOnToolsVersion = 14.2;
						TestTargetID = 001B205629CB4FCA003C9766;
					};
				};
			};
			buildConfigurationList = 001B205229CB4FCA003C9766 /* Build configuration list for PBXProject "LandmarkBook" */;
			compatibilityVersion = "Xcode 14.0";
			developmentRegion = en;
			hasScannedForEncodings = 0;
			knownRegions = (
				en,
				Base,
			);
			mainGroup = 001B204E29CB4FCA003C9766;
			productRefGroup = 001B205829CB4FCB003C9766 /* Products */;
			projectDirPath = "";
			projectRoot = "";
			targets = (
				001B205629CB4FCA003C9766 /* LandmarkBook */,
				001B206C29CB4FCC003C9766 /* LandmarkBookTests */,
				001B207629CB4FCD003C9766 /* LandmarkBookUITests */,
			);
		};
/* End PBXProject section */

/* Begin PBXResourcesBuildPhase section */
		001B205529CB4FCA003C9766 /* Resources */ = {
			isa = PBXResourcesBuildPhase;
			buildActionMask = 2147483647;
			files = (
				001B206729CB4FCC003C9766 /* LaunchScreen.storyboard in Resources */,
				001B206429CB4FCC003C9766 /* Assets.xcassets in Resources */,
				001B206229CB4FCB003C9766 /* Main.storyboard in Resources */,
			);
			runOnlyForDeploymentPostprocessing = 0;
		};
		001B206B29CB4FCC003C9766 /* Resources */ = {
			isa = PBXResourcesBuildPhase;
			buildActionMask = 2147483647;
			files = (
			);
			runOnlyForDeploymentPostprocessing = 0;
		};
		001B207529CB4FCD003C9766 /* Resources */ = {
			isa = PBXResourcesBuildPhase;
			buildActionMask = 2147483647;
			files = (
			);
			runOnlyForDeploymentPostprocessing = 0;
		};
/* End PBXResourcesBuildPhase section */

/* Begin PBXSourcesBuildPhase section */
		001B205329CB4FCA003C9766 /* Sources */ = {
			isa = PBXSourcesBuildPhase;
			buildActionMask = 2147483647;
			files = (
				001B205F29CB4FCB003C9766 /* ViewController.swift in Sources */,
				001B208B29CBB072003C9766 /* DetailsVC.swift in Sources */,
				001B205B29CB4FCB003C9766 /* AppDelegate.swift in Sources */,
				001B205D29CB4FCB003C9766 /* SceneDelegate.swift in Sources */,
			);
			runOnlyForDeploymentPostprocessing = 0;
		};
		001B206929CB4FCC003C9766 /* Sources */ = {
			isa = PBXSourcesBuildPhase;
			buildActionMask = 2147483647;
			files = (
				001B207229CB4FCC003C9766 /* LandmarkBookTests.swift in Sources */,
			);
			runOnlyForDeploymentPostprocessing = 0;
		};
		001B207329CB4FCD003C9766 /* Sources */ = {
			isa = PBXSourcesBuildPhase;
			buildActionMask = 2147483647;
			files = (
				001B207C29CB4FCD003C9766 /* LandmarkBookUITests.swift in Sources */,
				001B207E29CB4FCD003C9766 /* LandmarkBookUITestsLaunchTests.swift in Sources */,
			);
			runOnlyForDeploymentPostprocessing = 0;
		};
/* End PBXSourcesBuildPhase section */

/* Begin PBXTargetDependency section */
		001B206F29CB4FCC003C9766 /* PBXTargetDependency */ = {
			isa = PBXTargetDependency;
			target = 001B205629CB4FCA003C9766 /* LandmarkBook */;
			targetProxy = 001B206E29CB4FCC003C9766 /* PBXContainerItemProxy */;
		};
		001B207929CB4FCD003C9766 /* PBXTargetDependency */ = {
			isa = PBXTargetDependency;
			target = 001B205629CB4FCA003C9766 /* LandmarkBook */;
			targetProxy = 001B207829CB4FCD003C9766 /* PBXContainerItemProxy */;
		};
/* End PBXTargetDependency section */

/* Begin PBXVariantGroup section */
		001B206029CB4FCB003C9766 /* Main.storyboard */ = {
			isa = PBXVariantGroup;
			children = (
				001B206129CB4FCB003C9766 /* Base */,
			);
			name = Main.storyboard;
			sourceTree = "<group>";
		};
		001B206529CB4FCC003C9766 /* LaunchScreen.storyboard */ = {
			isa = PBXVariantGroup;
			children = (
				001B206629CB4FCC003C9766 /* Base */,
			);
			name = LaunchScreen.storyboard;
			sourceTree = "<group>";
		};
/* End PBXVariantGroup section */

/* Begin XCBuildConfiguration section */
		001B207F29CB4FCD003C9766 /* Debug */ = {
			isa = XCBuildConfiguration;
			buildSettings = {
				ALWAYS_SEARCH_USER_PATHS = NO;
				CLANG_ANALYZER_NONNULL = YES;
				CLANG_ANALYZER_NUMBER_OBJECT_CONVERSION = YES_AGGRESSIVE;
				CLANG_CXX_LANGUAGE_STANDARD = "gnu++20";
				CLANG_ENABLE_MODULES = YES;
				CLANG_ENABLE_OBJC_ARC = YES;
				CLANG_ENABLE_OBJC_WEAK = YES;
				CLANG_WARN_BLOCK_CAPTURE_AUTORELEASING = YES;
				CLANG_WARN_BOOL_CONVERSION = YES;
				CLANG_WARN_COMMA = YES;
				CLANG_WARN_CONSTANT_CONVERSION = YES;
				CLANG_WARN_DEPRECATED_OBJC_IMPLEMENTATIONS = YES;
				CLANG_WARN_DIRECT_OBJC_ISA_USAGE = YES_ERROR;
				CLANG_WARN_DOCUMENTATION_COMMENTS = YES;
				CLANG_WARN_EMPTY_BODY = YES;
				CLANG_WARN_ENUM_CONVERSION = YES;
				CLANG_WARN_INFINITE_RECURSION = YES;
				CLANG_WARN_INT_CONVERSION = YES;
				CLANG_WARN_NON_LITERAL_NULL_CONVERSION = YES;
				CLANG_WARN_OBJC_IMPLICIT_RETAIN_SELF = YES;
				CLANG_WARN_OBJC_LITERAL_CONVERSION = YES;
				CLANG_WARN_OBJC_ROOT_CLASS = YES_ERROR;
				CLANG_WARN_QUOTED_INCLUDE_IN_FRAMEWORK_HEADER = YES;
				CLANG_WARN_RANGE_LOOP_ANALYSIS = YES;
				CLANG_WARN_STRICT_PROTOTYPES = YES;
				CLANG_WARN_SUSPICIOUS_MOVE = YES;
				CLANG_WARN_UNGUARDED_AVAILABILITY = YES_AGGRESSIVE;
				CLANG_WARN_UNREACHABLE_CODE = YES;
				CLANG_WARN__DUPLICATE_METHOD_MATCH = YES;
				COPY_PHASE_STRIP = NO;
				DEBUG_INFORMATION_FORMAT = dwarf;
				ENABLE_STRICT_OBJC_MSGSEND = YES;
				ENABLE_TESTABILITY = YES;
				GCC_C_LANGUAGE_STANDARD = gnu11;
				GCC_DYNAMIC_NO_PIC = NO;
				GCC_NO_COMMON_BLOCKS = YES;
				GCC_OPTIMIZATION_LEVEL = 0;
				GCC_PREPROCESSOR_DEFINITIONS = (
					"DEBUG=1",
					"$(inherited)",
				);
				GCC_WARN_64_TO_32_BIT_CONVERSION = YES;
				GCC_WARN_ABOUT_RETURN_TYPE = YES_ERROR;
				GCC_WARN_UNDECLARED_SELECTOR = YES;
				GCC_WARN_UNINITIALIZED_AUTOS = YES_AGGRESSIVE;
				GCC_WARN_UNUSED_FUNCTION = YES;
				GCC_WARN_UNUSED_VARIABLE = YES;
				IPHONEOS_DEPLOYMENT_TARGET = 16.2;
				MTL_ENABLE_DEBUG_INFO = INCLUDE_SOURCE;
				MTL_FAST_MATH = YES;
				ONLY_ACTIVE_ARCH = YES;
				SDKROOT = iphoneos;
				SWIFT_ACTIVE_COMPILATION_CONDITIONS = DEBUG;
				SWIFT_OPTIMIZATION_LEVEL = "-Onone";
			};
			name = Debug;
		};
		001B208029CB4FCD003C9766 /* Release */ = {
			isa = XCBuildConfiguration;
			buildSettings = {
				ALWAYS_SEARCH_USER_PATHS = NO;
				CLANG_ANALYZER_NONNULL = YES;
				CLANG_ANALYZER_NUMBER_OBJECT_CONVERSION = YES_AGGRESSIVE;
				CLANG_CXX_LANGUAGE_STANDARD = "gnu++20";
				CLANG_ENABLE_MODULES = YES;
				CLANG_ENABLE_OBJC_ARC = YES;
				CLANG_ENABLE_OBJC_WEAK = YES;
				CLANG_WARN_BLOCK_CAPTURE_AUTORELEASING = YES;
				CLANG_WARN_BOOL_CONVERSION = YES;
				CLANG_WARN_COMMA = YES;
				CLANG_WARN_CONSTANT_CONVERSION = YES;
				CLANG_WARN_DEPRECATED_OBJC_IMPLEMENTATIONS = YES;
				CLANG_WARN_DIRECT_OBJC_ISA_USAGE = YES_ERROR;
				CLANG_WARN_DOCUMENTATION_COMMENTS = YES;
				CLANG_WARN_EMPTY_BODY = YES;
				CLANG_WARN_ENUM_CONVERSION = YES;
				CLANG_WARN_INFINITE_RECURSION = YES;
				CLANG_WARN_INT_CONVERSION = YES;
				CLANG_WARN_NON_LITERAL_NULL_CONVERSION = YES;
				CLANG_WARN_OBJC_IMPLICIT_RETAIN_SELF = YES;
				CLANG_WARN_OBJC_LITERAL_CONVERSION = YES;
				CLANG_WARN_OBJC_ROOT_CLASS = YES_ERROR;
				CLANG_WARN_QUOTED_INCLUDE_IN_FRAMEWORK_HEADER = YES;
				CLANG_WARN_RANGE_LOOP_ANALYSIS = YES;
				CLANG_WARN_STRICT_PROTOTYPES = YES;
				CLANG_WARN_SUSPICIOUS_MOVE = YES;
				CLANG_WARN_UNGUARDED_AVAILABILITY = YES_AGGRESSIVE;
				CLANG_WARN_UNREACHABLE_CODE = YES;
				CLANG_WARN__DUPLICATE_METHOD_MATCH = YES;
				COPY_PHASE_STRIP = NO;
				DEBUG_INFORMATION_FORMAT = "dwarf-with-dsym";
				ENABLE_NS_ASSERTIONS = NO;
				ENABLE_STRICT_OBJC_MSGSEND = YES;
				GCC_C_LANGUAGE_STANDARD = gnu11;
				GCC_NO_COMMON_BLOCKS = YES;
				GCC_WARN_64_TO_32_BIT_CONVERSION = YES;
				GCC_WARN_ABOUT_RETURN_TYPE = YES_ERROR;
				GCC_WARN_UNDECLARED_SELECTOR = YES;
				GCC_WARN_UNINITIALIZED_AUTOS = YES_AGGRESSIVE;
				GCC_WARN_UNUSED_FUNCTION = YES;
				GCC_WARN_UNUSED_VARIABLE = YES;
				IPHONEOS_DEPLOYMENT_TARGET = 16.2;
				MTL_ENABLE_DEBUG_INFO = NO;
				MTL_FAST_MATH = YES;
				SDKROOT = iphoneos;
				SWIFT_COMPILATION_MODE = wholemodule;
				SWIFT_OPTIMIZATION_LEVEL = "-O";
				VALIDATE_PRODUCT = YES;
			};
			name = Release;
		};
		001B208229CB4FCD003C9766 /* Debug */ = {
			isa = XCBuildConfiguration;
			buildSettings = {
				ASSETCATALOG_COMPILER_APPICON_NAME = AppIcon;
				ASSETCATALOG_COMPILER_GLOBAL_ACCENT_COLOR_NAME = AccentColor;
				CODE_SIGN_STYLE = Automatic;
				CURRENT_PROJECT_VERSION = 1;
				GENERATE_INFOPLIST_FILE = YES;
				INFOPLIST_FILE = LandmarkBook/Info.plist;
				INFOPLIST_KEY_UIApplicationSupportsIndirectInputEvents = YES;
				INFOPLIST_KEY_UILaunchStoryboardName = LaunchScreen;
				INFOPLIST_KEY_UIMainStoryboardFile = Main;
				INFOPLIST_KEY_UISupportedInterfaceOrientations_iPad = "UIInterfaceOrientationPortrait UIInterfaceOrientationPortraitUpsideDown UIInterfaceOrientationLandscapeLeft UIInterfaceOrientationLandscapeRight";
				INFOPLIST_KEY_UISupportedInterfaceOrientations_iPhone = "UIInterfaceOrientationPortrait UIInterfaceOrientationLandscapeLeft UIInterfaceOrientationLandscapeRight";
				LD_RUNPATH_SEARCH_PATHS = (
					"$(inherited)",
					"@executable_path/Frameworks",
				);
				MARKETING_VERSION = 1.0;
				PRODUCT_BUNDLE_IDENTIFIER = com.atilla.LandmarkBook;
				PRODUCT_NAME = "$(TARGET_NAME)";
				SWIFT_EMIT_LOC_STRINGS = YES;
				SWIFT_VERSION = 5.0;
				TARGETED_DEVICE_FAMILY = "1,2";
			};
			name = Debug;
		};
		001B208329CB4FCD003C9766 /* Release */ = {
			isa = XCBuildConfiguration;
			buildSettings = {
				ASSETCATALOG_COMPILER_APPICON_NAME = AppIcon;
				ASSETCATALOG_COMPILER_GLOBAL_ACCENT_COLOR_NAME = AccentColor;
				CODE_SIGN_STYLE = Automatic;
				CURRENT_PROJECT_VERSION = 1;
				GENERATE_INFOPLIST_FILE = YES;
				INFOPLIST_FILE = LandmarkBook/Info.plist;
				INFOPLIST_KEY_UIApplicationSupportsIndirectInputEvents = YES;
				INFOPLIST_KEY_UILaunchStoryboardName = LaunchScreen;
				INFOPLIST_KEY_UIMainStoryboardFile = Main;
				INFOPLIST_KEY_UISupportedInterfaceOrientations_iPad = "UIInterfaceOrientationPortrait UIInterfaceOrientationPortraitUpsideDown UIInterfaceOrientationLandscapeLeft UIInterfaceOrientationLandscapeRight";
				INFOPLIST_KEY_UISupportedInterfaceOrientations_iPhone = "UIInterfaceOrientationPortrait UIInterfaceOrientationLandscapeLeft UIInterfaceOrientationLandscapeRight";
				LD_RUNPATH_SEARCH_PATHS = (
					"$(inherited)",
					"@executable_path/Frameworks",
				);
				MARKETING_VERSION = 1.0;
				PRODUCT_BUNDLE_IDENTIFIER = com.atilla.LandmarkBook;
				PRODUCT_NAME = "$(TARGET_NAME)";
				SWIFT_EMIT_LOC_STRINGS = YES;
				SWIFT_VERSION = 5.0;
				TARGETED_DEVICE_FAMILY = "1,2";
			};
			name = Release;
		};
		001B208529CB4FCD003C9766 /* Debug */ = {
			isa = XCBuildConfiguration;
			buildSettings = {
				ALWAYS_EMBED_SWIFT_STANDARD_LIBRARIES = YES;
				BUNDLE_LOADER = "$(TEST_HOST)";
				CODE_SIGN_STYLE = Automatic;
				CURRENT_PROJECT_VERSION = 1;
				GENERATE_INFOPLIST_FILE = YES;
				IPHONEOS_DEPLOYMENT_TARGET = 16.2;
				MARKETING_VERSION = 1.0;
				PRODUCT_BUNDLE_IDENTIFIER = com.atilla.LandmarkBookTests;
				PRODUCT_NAME = "$(TARGET_NAME)";
				SWIFT_EMIT_LOC_STRINGS = NO;
				SWIFT_VERSION = 5.0;
				TARGETED_DEVICE_FAMILY = "1,2";
				TEST_HOST = "$(BUILT_PRODUCTS_DIR)/LandmarkBook.app/$(BUNDLE_EXECUTABLE_FOLDER_PATH)/LandmarkBook";
			};
			name = Debug;
		};
		001B208629CB4FCD003C9766 /* Release */ = {
			isa = XCBuildConfiguration;
			buildSettings = {
				ALWAYS_EMBED_SWIFT_STANDARD_LIBRARIES = YES;
				BUNDLE_LOADER = "$(TEST_HOST)";
				CODE_SIGN_STYLE = Automatic;
				CURRENT_PROJECT_VERSION = 1;
				GENERATE_INFOPLIST_FILE = YES;
				IPHONEOS_DEPLOYMENT_TARGET = 16.2;
				MARKETING_VERSION = 1.0;
				PRODUCT_BUNDLE_IDENTIFIER = com.atilla.LandmarkBookTests;
				PRODUCT_NAME = "$(TARGET_NAME)";
				SWIFT_EMIT_LOC_STRINGS = NO;
				SWIFT_VERSION = 5.0;
				TARGETED_DEVICE_FAMILY = "1,2";
				TEST_HOST = "$(BUILT_PRODUCTS_DIR)/LandmarkBook.app/$(BUNDLE_EXECUTABLE_FOLDER_PATH)/LandmarkBook";
			};
			name = Release;
		};
		001B208829CB4FCD003C9766 /* Debug */ = {
			isa = XCBuildConfiguration;
			buildSettings = {
				ALWAYS_EMBED_SWIFT_STANDARD_LIBRARIES = YES;
				CODE_SIGN_STYLE = Automatic;
				CURRENT_PROJECT_VERSION = 1;
				GENERATE_INFOPLIST_FILE = YES;
				MARKETING_VERSION = 1.0;
				PRODUCT_BUNDLE_IDENTIFIER = com.atilla.LandmarkBookUITests;
				PRODUCT_NAME = "$(TARGET_NAME)";
				SWIFT_EMIT_LOC_STRINGS = NO;
				SWIFT_VERSION = 5.0;
				TARGETED_DEVICE_FAMILY = "1,2";
				TEST_TARGET_NAME = LandmarkBook;
			};
			name = Debug;
		};
		001B208929CB4FCD003C9766 /* Release */ = {
			isa = XCBuildConfiguration;
			buildSettings = {
				ALWAYS_EMBED_SWIFT_STANDARD_LIBRARIES = YES;
				CODE_SIGN_STYLE = Automatic;
				CURRENT_PROJECT_VERSION = 1;
				GENERATE_INFOPLIST_FILE = YES;
				MARKETING_VERSION = 1.0;
				PRODUCT_BUNDLE_IDENTIFIER = com.atilla.LandmarkBookUITests;
				PRODUCT_NAME = "$(TARGET_NAME)";
				SWIFT_EMIT_LOC_STRINGS = NO;
				SWIFT_VERSION = 5.0;
				TARGETED_DEVICE_FAMILY = "1,2";
				TEST_TARGET_NAME = LandmarkBook;
			};
			name = Release;
		};
/* End XCBuildConfiguration section */

/* Begin XCConfigurationList section */
		001B205229CB4FCA003C9766 /* Build configuration list for PBXProject "LandmarkBook" */ = {
			isa = XCConfigurationList;
			buildConfigurations = (
				001B207F29CB4FCD003C9766 /* Debug */,
				001B208029CB4FCD003C9766 /* Release */,
			);
			defaultConfigurationIsVisible = 0;
			defaultConfigurationName = Release;
		};
		001B208129CB4FCD003C9766 /* Build configuration list for PBXNativeTarget "LandmarkBook" */ = {
			isa = XCConfigurationList;
			buildConfigurations = (
				001B208229CB4FCD003C9766 /* Debug */,
				001B208329CB4FCD003C9766 /* Release */,
			);
			defaultConfigurationIsVisible = 0;
			defaultConfigurationName = Release;
		};
		001B208429CB4FCD003C9766 /* Build configuration list for PBXNativeTarget "LandmarkBookTests" */ = {
			isa = XCConfigurationList;
			buildConfigurations = (
				001B208529CB4FCD003C9766 /* Debug */,
				001B208629CB4FCD003C9766 /* Release */,
			);
			defaultConfigurationIsVisible = 0;
			defaultConfigurationName = Release;
		};
		001B208729CB4FCD003C9766 /* Build configuration list for PBXNativeTarget "LandmarkBookUITests" */ = {
			isa = XCConfigurationList;
			buildConfigurations = (
				001B208829CB4FCD003C9766 /* Debug */,
				001B208929CB4FCD003C9766 /* Release */,
			);
			defaultConfigurationIsVisible = 0;
			defaultConfigurationName = Release;
		};
/* End XCConfigurationList section */
	};
	rootObject = 001B204F29CB4FCA003C9766 /* Project object */;
}
